
Microsoft Visual Studio Solution File, Format Version 12.00
# Visual Studio 14
VisualStudioVersion = 14.0.22129.1
MinimumVisualStudioVersion = 10.0.40219.1
Project("{FAE04EC0-301F-11D3-BF4B-00C04F79EFBC}") = "1. AutoPropertyEnhancements", "1. AutoPropertyEnhancements\1. AutoPropertyEnhancements.csproj", "{9B820676-7425-4F37-8B46-27BC9932D52B}"
EndProject
Project("{FAE04EC0-301F-11D3-BF4B-00C04F79EFBC}") = "2. PrimaryConstructors", "2. PrimaryConstructors\2. PrimaryConstructors.csproj", "{350FCEB1-E3DD-4E1F-82A7-689959592A09}"
EndProject
Project("{FAE04EC0-301F-11D3-BF4B-00C04F79EFBC}") = "3. ExpressionBodiedFunctionMembers", "3. ExpressionBodiedFunctionMembers\3. ExpressionBodiedFunctionMembers.csproj", "{280D6CE8-C003-4DFE-87E8-AF6057F8C87F}"
EndProject
Project("{FAE04EC0-301F-11D3-BF4B-00C04F79EFBC}") = "4. UsingStatic", "4. UsingStatic\4. UsingStatic.csproj", "{1B76D878-2F96-4ADC-BFFD-D4FB743E6A86}"
EndProject
Project("{FAE04EC0-301F-11D3-BF4B-00C04F79EFBC}") = "5. ExceptionFilters", "5. ExceptionFilters\5. ExceptionFilters.csproj", "{FB7A5C8F-39DD-41DA-9DA0-F27DE2BF0604}"
EndProject
Project("{FAE04EC0-301F-11D3-BF4B-00C04F79EFBC}") = "6. DeclarationExpressions", "6. DeclarationExpressions\6. DeclarationExpressions.csproj", "{A6B9534A-1F58-4DA6-AEC7-936B7B7B960C}"
EndProject
Project("{FAE04EC0-301F-11D3-BF4B-00C04F79EFBC}") = "7. NameofExpressions", "7. NameofExpressions\7. NameofExpressions.csproj", "{3B70B428-F759-494E-B033-A7FCAEB06788}"
EndProject
Project("{FAE04EC0-301F-11D3-BF4B-00C04F79EFBC}") = "8. NullConditionalOperators", "8. NullConditionalOperators\8. NullConditionalOperators.csproj", "{8E14046A-E779-4E7E-9392-121A07D9CF1C}"
EndProject
Global
	GlobalSection(SolutionConfigurationPlatforms) = preSolution
		Debug|Any CPU = Debug|Any CPU
		Release|Any CPU = Release|Any CPU
	EndGlobalSection
	GlobalSection(ProjectConfigurationPlatforms) = postSolution
		{9B820676-7425-4F37-8B46-27BC9932D52B}.Debug|Any CPU.ActiveCfg = Debug|Any CPU
		{9B820676-7425-4F37-8B46-27BC9932D52B}.Debug|Any CPU.Build.0 = Debug|Any CPU
		{9B820676-7425-4F37-8B46-27BC9932D52B}.Release|Any CPU.ActiveCfg = Release|Any CPU
		{9B820676-7425-4F37-8B46-27BC9932D52B}.Release|Any CPU.Build.0 = Release|Any CPU
		{350FCEB1-E3DD-4E1F-82A7-689959592A09}.Debug|Any CPU.ActiveCfg = Debug|Any CPU
		{350FCEB1-E3DD-4E1F-82A7-689959592A09}.Debug|Any CPU.Build.0 = Debug|Any CPU
		{350FCEB1-E3DD-4E1F-82A7-689959592A09}.Release|Any CPU.ActiveCfg = Release|Any CPU
		{350FCEB1-E3DD-4E1F-82A7-689959592A09}.Release|Any CPU.Build.0 = Release|Any CPU
		{280D6CE8-C003-4DFE-87E8-AF6057F8C87F}.Debug|Any CPU.ActiveCfg = Debug|Any CPU
		{280D6CE8-C003-4DFE-87E8-AF6057F8C87F}.Debug|Any CPU.Build.0 = Debug|Any CPU
		{280D6CE8-C003-4DFE-87E8-AF6057F8C87F}.Release|Any CPU.ActiveCfg = Release|Any CPU
		{280D6CE8-C003-4DFE-87E8-AF6057F8C87F}.Release|Any CPU.Build.0 = Release|Any CPU
		{1B76D878-2F96-4ADC-BFFD-D4FB743E6A86}.Debug|Any CPU.ActiveCfg = Debug|Any CPU
		{1B76D878-2F96-4ADC-BFFD-D4FB743E6A86}.Debug|Any CPU.Build.0 = Debug|Any CPU
		{1B76D878-2F96-4ADC-BFFD-D4FB743E6A86}.Release|Any CPU.ActiveCfg = Release|Any CPU
		{1B76D878-2F96-4ADC-BFFD-D4FB743E6A86}.Release|Any CPU.Build.0 = Release|Any CPU
		{FB7A5C8F-39DD-41DA-9DA0-F27DE2BF0604}.Debug|Any CPU.ActiveCfg = Debug|Any CPU
		{FB7A5C8F-39DD-41DA-9DA0-F27DE2BF0604}.Debug|Any CPU.Build.0 = Debug|Any CPU
		{FB7A5C8F-39DD-41DA-9DA0-F27DE2BF0604}.Release|Any CPU.ActiveCfg = Release|Any CPU
		{FB7A5C8F-39DD-41DA-9DA0-F27DE2BF0604}.Release|Any CPU.Build.0 = Release|Any CPU
		{A6B9534A-1F58-4DA6-AEC7-936B7B7B960C}.Debug|Any CPU.ActiveCfg = Debug|Any CPU
		{A6B9534A-1F58-4DA6-AEC7-936B7B7B960C}.Debug|Any CPU.Build.0 = Debug|Any CPU
		{A6B9534A-1F58-4DA6-AEC7-936B7B7B960C}.Release|Any CPU.ActiveCfg = Release|Any CPU
		{A6B9534A-1F58-4DA6-AEC7-936B7B7B960C}.Release|Any CPU.Build.0 = Release|Any CPU
		{3B70B428-F759-494E-B033-A7FCAEB06788}.Debug|Any CPU.ActiveCfg = Debug|Any CPU
		{3B70B428-F759-494E-B033-A7FCAEB06788}.Debug|Any CPU.Build.0 = Debug|Any CPU
		{3B70B428-F759-494E-B033-A7FCAEB06788}.Release|Any CPU.ActiveCfg = Release|Any CPU
		{3B70B428-F759-494E-B033-A7FCAEB06788}.Release|Any CPU.Build.0 = Release|Any CPU
		{8E14046A-E779-4E7E-9392-121A07D9CF1C}.Debug|Any CPU.ActiveCfg = Debug|Any CPU
		{8E14046A-E779-4E7E-9392-121A07D9CF1C}.Debug|Any CPU.Build.0 = Debug|Any CPU
		{8E14046A-E779-4E7E-9392-121A07D9CF1C}.Release|Any CPU.ActiveCfg = Release|Any CPU
		{8E14046A-E779-4E7E-9392-121A07D9CF1C}.Release|Any CPU.Build.0 = Release|Any CPU
	EndGlobalSection
	GlobalSection(SolutionProperties) = preSolution
		HideSolutionNode = FALSE
	EndGlobalSection
EndGlobal
