
Microsoft Visual Studio Solution File, Format Version 12.00
# Visual Studio Version 17
VisualStudioVersion = 17.0.31912.275
MinimumVisualStudioVersion = 10.0.40219.1
Project("{9A19103F-16F7-4668-BE54-9A1E7A4F7556}") = "RecordTypes", "RecordTypes\RecordTypes.csproj", "{EF7665C4-FD1A-4913-8A51-68F05CDC81A8}"
EndProject
Project("{9A19103F-16F7-4668-BE54-9A1E7A4F7556}") = "TopLevelPrograms", "TopLevelPrograms\TopLevelPrograms.csproj", "{90FE121D-9BE9-45BE-9B3C-2A05E588F36B}"
EndProject
Project("{9A19103F-16F7-4668-BE54-9A1E7A4F7556}") = "TopLevelWebApp", "TopLevelWebApp\TopLevelWebApp.csproj", "{46EF8699-A382-432E-BEA3-8CC2BB58EED4}"
EndProject
Project("{9A19103F-16F7-4668-BE54-9A1E7A4F7556}") = "InitOnlyProperties", "InitOnlyProperties\InitOnlyProperties.csproj", "{B3F7F332-6BC1-4F84-B39D-3599E29EB2DE}"
EndProject
Project("{FAE04EC0-301F-11D3-BF4B-00C04F79EFBC}") = "NativeSizedIntegers", "NativeSizedIntegers\NativeSizedIntegers.csproj", "{1759FDCB-113A-4AF6-9053-C3912D301508}"
EndProject
Global
	GlobalSection(SolutionConfigurationPlatforms) = preSolution
		Debug|Any CPU = Debug|Any CPU
		Debug|x64 = Debug|x64
		Debug|x86 = Debug|x86
		Release|Any CPU = Release|Any CPU
		Release|x64 = Release|x64
		Release|x86 = Release|x86
	EndGlobalSection
	GlobalSection(ProjectConfigurationPlatforms) = postSolution
		{EF7665C4-FD1A-4913-8A51-68F05CDC81A8}.Debug|Any CPU.ActiveCfg = Debug|Any CPU
		{EF7665C4-FD1A-4913-8A51-68F05CDC81A8}.Debug|Any CPU.Build.0 = Debug|Any CPU
		{EF7665C4-FD1A-4913-8A51-68F05CDC81A8}.Debug|x64.ActiveCfg = Debug|Any CPU
		{EF7665C4-FD1A-4913-8A51-68F05CDC81A8}.Debug|x64.Build.0 = Debug|Any CPU
		{EF7665C4-FD1A-4913-8A51-68F05CDC81A8}.Debug|x86.ActiveCfg = Debug|Any CPU
		{EF7665C4-FD1A-4913-8A51-68F05CDC81A8}.Debug|x86.Build.0 = Debug|Any CPU
		{EF7665C4-FD1A-4913-8A51-68F05CDC81A8}.Release|Any CPU.ActiveCfg = Release|Any CPU
		{EF7665C4-FD1A-4913-8A51-68F05CDC81A8}.Release|Any CPU.Build.0 = Release|Any CPU
		{EF7665C4-FD1A-4913-8A51-68F05CDC81A8}.Release|x64.ActiveCfg = Release|Any CPU
		{EF7665C4-FD1A-4913-8A51-68F05CDC81A8}.Release|x64.Build.0 = Release|Any CPU
		{EF7665C4-FD1A-4913-8A51-68F05CDC81A8}.Release|x86.ActiveCfg = Release|Any CPU
		{EF7665C4-FD1A-4913-8A51-68F05CDC81A8}.Release|x86.Build.0 = Release|Any CPU
		{90FE121D-9BE9-45BE-9B3C-2A05E588F36B}.Debug|Any CPU.ActiveCfg = Debug|Any CPU
		{90FE121D-9BE9-45BE-9B3C-2A05E588F36B}.Debug|Any CPU.Build.0 = Debug|Any CPU
		{90FE121D-9BE9-45BE-9B3C-2A05E588F36B}.Debug|x64.ActiveCfg = Debug|Any CPU
		{90FE121D-9BE9-45BE-9B3C-2A05E588F36B}.Debug|x64.Build.0 = Debug|Any CPU
		{90FE121D-9BE9-45BE-9B3C-2A05E588F36B}.Debug|x86.ActiveCfg = Debug|Any CPU
		{90FE121D-9BE9-45BE-9B3C-2A05E588F36B}.Debug|x86.Build.0 = Debug|Any CPU
		{90FE121D-9BE9-45BE-9B3C-2A05E588F36B}.Release|Any CPU.ActiveCfg = Release|Any CPU
		{90FE121D-9BE9-45BE-9B3C-2A05E588F36B}.Release|Any CPU.Build.0 = Release|Any CPU
		{90FE121D-9BE9-45BE-9B3C-2A05E588F36B}.Release|x64.ActiveCfg = Release|Any CPU
		{90FE121D-9BE9-45BE-9B3C-2A05E588F36B}.Release|x64.Build.0 = Release|Any CPU
		{90FE121D-9BE9-45BE-9B3C-2A05E588F36B}.Release|x86.ActiveCfg = Release|Any CPU
		{90FE121D-9BE9-45BE-9B3C-2A05E588F36B}.Release|x86.Build.0 = Release|Any CPU
		{46EF8699-A382-432E-BEA3-8CC2BB58EED4}.Debug|Any CPU.ActiveCfg = Debug|Any CPU
		{46EF8699-A382-432E-BEA3-8CC2BB58EED4}.Debug|Any CPU.Build.0 = Debug|Any CPU
		{46EF8699-A382-432E-BEA3-8CC2BB58EED4}.Debug|x64.ActiveCfg = Debug|Any CPU
		{46EF8699-A382-432E-BEA3-8CC2BB58EED4}.Debug|x64.Build.0 = Debug|Any CPU
		{46EF8699-A382-432E-BEA3-8CC2BB58EED4}.Debug|x86.ActiveCfg = Debug|Any CPU
		{46EF8699-A382-432E-BEA3-8CC2BB58EED4}.Debug|x86.Build.0 = Debug|Any CPU
		{46EF8699-A382-432E-BEA3-8CC2BB58EED4}.Release|Any CPU.ActiveCfg = Release|Any CPU
		{46EF8699-A382-432E-BEA3-8CC2BB58EED4}.Release|Any CPU.Build.0 = Release|Any CPU
		{46EF8699-A382-432E-BEA3-8CC2BB58EED4}.Release|x64.ActiveCfg = Release|Any CPU
		{46EF8699-A382-432E-BEA3-8CC2BB58EED4}.Release|x64.Build.0 = Release|Any CPU
		{46EF8699-A382-432E-BEA3-8CC2BB58EED4}.Release|x86.ActiveCfg = Release|Any CPU
		{46EF8699-A382-432E-BEA3-8CC2BB58EED4}.Release|x86.Build.0 = Release|Any CPU
		{B3F7F332-6BC1-4F84-B39D-3599E29EB2DE}.Debug|Any CPU.ActiveCfg = Debug|Any CPU
		{B3F7F332-6BC1-4F84-B39D-3599E29EB2DE}.Debug|Any CPU.Build.0 = Debug|Any CPU
		{B3F7F332-6BC1-4F84-B39D-3599E29EB2DE}.Debug|x64.ActiveCfg = Debug|Any CPU
		{B3F7F332-6BC1-4F84-B39D-3599E29EB2DE}.Debug|x64.Build.0 = Debug|Any CPU
		{B3F7F332-6BC1-4F84-B39D-3599E29EB2DE}.Debug|x86.ActiveCfg = Debug|Any CPU
		{B3F7F332-6BC1-4F84-B39D-3599E29EB2DE}.Debug|x86.Build.0 = Debug|Any CPU
		{B3F7F332-6BC1-4F84-B39D-3599E29EB2DE}.Release|Any CPU.ActiveCfg = Release|Any CPU
		{B3F7F332-6BC1-4F84-B39D-3599E29EB2DE}.Release|Any CPU.Build.0 = Release|Any CPU
		{B3F7F332-6BC1-4F84-B39D-3599E29EB2DE}.Release|x64.ActiveCfg = Release|Any CPU
		{B3F7F332-6BC1-4F84-B39D-3599E29EB2DE}.Release|x64.Build.0 = Release|Any CPU
		{B3F7F332-6BC1-4F84-B39D-3599E29EB2DE}.Release|x86.ActiveCfg = Release|Any CPU
		{B3F7F332-6BC1-4F84-B39D-3599E29EB2DE}.Release|x86.Build.0 = Release|Any CPU
		{1759FDCB-113A-4AF6-9053-C3912D301508}.Debug|Any CPU.ActiveCfg = Debug|Any CPU
		{1759FDCB-113A-4AF6-9053-C3912D301508}.Debug|Any CPU.Build.0 = Debug|Any CPU
		{1759FDCB-113A-4AF6-9053-C3912D301508}.Debug|x64.ActiveCfg = Debug|x64
		{1759FDCB-113A-4AF6-9053-C3912D301508}.Debug|x64.Build.0 = Debug|x64
		{1759FDCB-113A-4AF6-9053-C3912D301508}.Debug|x86.ActiveCfg = Debug|x86
		{1759FDCB-113A-4AF6-9053-C3912D301508}.Debug|x86.Build.0 = Debug|x86
		{1759FDCB-113A-4AF6-9053-C3912D301508}.Release|Any CPU.ActiveCfg = Release|Any CPU
		{1759FDCB-113A-4AF6-9053-C3912D301508}.Release|Any CPU.Build.0 = Release|Any CPU
		{1759FDCB-113A-4AF6-9053-C3912D301508}.Release|x64.ActiveCfg = Release|x64
		{1759FDCB-113A-4AF6-9053-C3912D301508}.Release|x64.Build.0 = Release|x64
		{1759FDCB-113A-4AF6-9053-C3912D301508}.Release|x86.ActiveCfg = Release|x86
		{1759FDCB-113A-4AF6-9053-C3912D301508}.Release|x86.Build.0 = Release|x86
	EndGlobalSection
	GlobalSection(SolutionProperties) = preSolution
		HideSolutionNode = FALSE
	EndGlobalSection
	GlobalSection(ExtensibilityGlobals) = postSolution
		SolutionGuid = {8A17EF5A-3BCC-4B44-9998-EB1851D4D739}
	EndGlobalSection
EndGlobal
