
Microsoft Visual Studio Solution File, Format Version 12.00
# Visual Studio 15
VisualStudioVersion = 15.0.26403.7
MinimumVisualStudioVersion = 10.0.40219.1
Project("{FAE04EC0-301F-11D3-BF4B-00C04F79EFBC}") = "01. MoreExpressionBodiedMembers", "01. MoreExpressionBodiedMembers\01. MoreExpressionBodiedMembers.csproj", "{743B7F47-BFBA-4FF7-9FB7-8C441E645142}"
EndProject
Project("{FAE04EC0-301F-11D3-BF4B-00C04F79EFBC}") = "02. NumberLiteralsImprovements", "02. NumberLiteralsImprovements\02. NumberLiteralsImprovements.csproj", "{79C02EA4-CBC9-4758-BD04-2FB4FA4415C2}"
EndProject
Global
	GlobalSection(SolutionConfigurationPlatforms) = preSolution
		Debug|Any CPU = Debug|Any CPU
		Release|Any CPU = Release|Any CPU
	EndGlobalSection
	GlobalSection(ProjectConfigurationPlatforms) = postSolution
		{743B7F47-BFBA-4FF7-9FB7-8C441E645142}.Debug|Any CPU.ActiveCfg = Debug|Any CPU
		{743B7F47-BFBA-4FF7-9FB7-8C441E645142}.Debug|Any CPU.Build.0 = Debug|Any CPU
		{743B7F47-BFBA-4FF7-9FB7-8C441E645142}.Release|Any CPU.ActiveCfg = Release|Any CPU
		{743B7F47-BFBA-4FF7-9FB7-8C441E645142}.Release|Any CPU.Build.0 = Release|Any CPU
		{79C02EA4-CBC9-4758-BD04-2FB4FA4415C2}.Debug|Any CPU.ActiveCfg = Debug|Any CPU
		{79C02EA4-CBC9-4758-BD04-2FB4FA4415C2}.Debug|Any CPU.Build.0 = Debug|Any CPU
		{79C02EA4-CBC9-4758-BD04-2FB4FA4415C2}.Release|Any CPU.ActiveCfg = Release|Any CPU
		{79C02EA4-CBC9-4758-BD04-2FB4FA4415C2}.Release|Any CPU.Build.0 = Release|Any CPU
	EndGlobalSection
	GlobalSection(SolutionProperties) = preSolution
		HideSolutionNode = FALSE
	EndGlobalSection
EndGlobal
