
Microsoft Visual Studio Solution File, Format Version 12.00
# Visual Studio 15
VisualStudioVersion = 15.0.26403.7
MinimumVisualStudioVersion = 10.0.40219.1
Project("{FAE04EC0-301F-11D3-BF4B-00C04F79EFBC}") = "01. MoreExpressionBodiedMembers", "01. MoreExpressionBodiedMembers\01. MoreExpressionBodiedMembers.csproj", "{743B7F47-BFBA-4FF7-9FB7-8C441E645142}"
EndProject
Project("{FAE04EC0-301F-11D3-BF4B-00C04F79EFBC}") = "02. NumberLiteralsImprovements", "02. NumberLiteralsImprovements\02. NumberLiteralsImprovements.csproj", "{79C02EA4-CBC9-4758-BD04-2FB4FA4415C2}"
EndProject
Project("{FAE04EC0-301F-11D3-BF4B-00C04F79EFBC}") = "03. LocalFunctions", "03. LocalFunctions\03. LocalFunctions.csproj", "{D0E1002F-7E19-4228-8DEC-77862480B9B9}"
EndProject
Project("{FAE04EC0-301F-11D3-BF4B-00C04F79EFBC}") = "04. RefReturnsAndLocals", "04. RefReturnsAndLocals\04. RefReturnsAndLocals.csproj", "{A936631C-1D0C-45AD-AD30-B92E29EAC95B}"
EndProject
Project("{FAE04EC0-301F-11D3-BF4B-00C04F79EFBC}") = "05. OutVariables", "05. OutVariables\05. OutVariables.csproj", "{9B7EB2A8-DF89-4D42-A901-001167E4D9C4}"
EndProject
Project("{FAE04EC0-301F-11D3-BF4B-00C04F79EFBC}") = "06. PatternMatching", "06. PatternMatching\06. PatternMatching.csproj", "{EB37DF9D-605C-49CA-9393-41C241F00C46}"
EndProject
Project("{FAE04EC0-301F-11D3-BF4B-00C04F79EFBC}") = "07. ThrowExpressions", "07. ThrowExpressions\07. ThrowExpressions.csproj", "{E99F18F6-A7D6-400E-B6F5-4B476CA0E6E7}"
EndProject
Global
	GlobalSection(SolutionConfigurationPlatforms) = preSolution
		Debug|Any CPU = Debug|Any CPU
		Release|Any CPU = Release|Any CPU
	EndGlobalSection
	GlobalSection(ProjectConfigurationPlatforms) = postSolution
		{743B7F47-BFBA-4FF7-9FB7-8C441E645142}.Debug|Any CPU.ActiveCfg = Debug|Any CPU
		{743B7F47-BFBA-4FF7-9FB7-8C441E645142}.Debug|Any CPU.Build.0 = Debug|Any CPU
		{743B7F47-BFBA-4FF7-9FB7-8C441E645142}.Release|Any CPU.ActiveCfg = Release|Any CPU
		{743B7F47-BFBA-4FF7-9FB7-8C441E645142}.Release|Any CPU.Build.0 = Release|Any CPU
		{79C02EA4-CBC9-4758-BD04-2FB4FA4415C2}.Debug|Any CPU.ActiveCfg = Debug|Any CPU
		{79C02EA4-CBC9-4758-BD04-2FB4FA4415C2}.Debug|Any CPU.Build.0 = Debug|Any CPU
		{79C02EA4-CBC9-4758-BD04-2FB4FA4415C2}.Release|Any CPU.ActiveCfg = Release|Any CPU
		{79C02EA4-CBC9-4758-BD04-2FB4FA4415C2}.Release|Any CPU.Build.0 = Release|Any CPU
		{D0E1002F-7E19-4228-8DEC-77862480B9B9}.Debug|Any CPU.ActiveCfg = Debug|Any CPU
		{D0E1002F-7E19-4228-8DEC-77862480B9B9}.Debug|Any CPU.Build.0 = Debug|Any CPU
		{D0E1002F-7E19-4228-8DEC-77862480B9B9}.Release|Any CPU.ActiveCfg = Release|Any CPU
		{D0E1002F-7E19-4228-8DEC-77862480B9B9}.Release|Any CPU.Build.0 = Release|Any CPU
		{A936631C-1D0C-45AD-AD30-B92E29EAC95B}.Debug|Any CPU.ActiveCfg = Debug|Any CPU
		{A936631C-1D0C-45AD-AD30-B92E29EAC95B}.Debug|Any CPU.Build.0 = Debug|Any CPU
		{A936631C-1D0C-45AD-AD30-B92E29EAC95B}.Release|Any CPU.ActiveCfg = Release|Any CPU
		{A936631C-1D0C-45AD-AD30-B92E29EAC95B}.Release|Any CPU.Build.0 = Release|Any CPU
		{9B7EB2A8-DF89-4D42-A901-001167E4D9C4}.Debug|Any CPU.ActiveCfg = Debug|Any CPU
		{9B7EB2A8-DF89-4D42-A901-001167E4D9C4}.Debug|Any CPU.Build.0 = Debug|Any CPU
		{9B7EB2A8-DF89-4D42-A901-001167E4D9C4}.Release|Any CPU.ActiveCfg = Release|Any CPU
		{9B7EB2A8-DF89-4D42-A901-001167E4D9C4}.Release|Any CPU.Build.0 = Release|Any CPU
		{EB37DF9D-605C-49CA-9393-41C241F00C46}.Debug|Any CPU.ActiveCfg = Debug|Any CPU
		{EB37DF9D-605C-49CA-9393-41C241F00C46}.Debug|Any CPU.Build.0 = Debug|Any CPU
		{EB37DF9D-605C-49CA-9393-41C241F00C46}.Release|Any CPU.ActiveCfg = Release|Any CPU
		{EB37DF9D-605C-49CA-9393-41C241F00C46}.Release|Any CPU.Build.0 = Release|Any CPU
		{E99F18F6-A7D6-400E-B6F5-4B476CA0E6E7}.Debug|Any CPU.ActiveCfg = Debug|Any CPU
		{E99F18F6-A7D6-400E-B6F5-4B476CA0E6E7}.Debug|Any CPU.Build.0 = Debug|Any CPU
		{E99F18F6-A7D6-400E-B6F5-4B476CA0E6E7}.Release|Any CPU.ActiveCfg = Release|Any CPU
		{E99F18F6-A7D6-400E-B6F5-4B476CA0E6E7}.Release|Any CPU.Build.0 = Release|Any CPU
	EndGlobalSection
	GlobalSection(SolutionProperties) = preSolution
		HideSolutionNode = FALSE
	EndGlobalSection
EndGlobal
